
Microsoft Visual Studio Solution File, Format Version 12.00
# Visual Studio 2012
Project("{2150E333-8FDC-42A3-9474-1A3956D46DE8}") = "Solution Files", "Solution Files", "{9FE07BDE-05E7-415A-8D64-04B72E573640}"
	ProjectSection(SolutionItems) = preProject
		Cashel.nuspec = Cashel.nuspec
	EndProjectSection
EndProject
Project("{F2A71F9B-5D33-465A-A702-920D77279786}") = "Cashel", "src\Cashel\Cashel.fsproj", "{BB0F7308-C60A-471A-84ED-A76F64469028}"
EndProject
Project("{F2A71F9B-5D33-465A-A702-920D77279786}") = "Cashel.Tests", "src\Cashel.Tests\Cashel.Tests.fsproj", "{278DA219-5263-4B10-87CB-5CD4F5F8A50C}"
EndProject
Project("{2150E333-8FDC-42A3-9474-1A3956D46DE8}") = ".nuget", ".nuget", "{C7DDCECD-5F2C-46F3-8749-A9E5E17A8538}"
	ProjectSection(SolutionItems) = preProject
		.nuget\NuGet.Config = .nuget\NuGet.Config
		.nuget\NuGet.exe = .nuget\NuGet.exe
		.nuget\NuGet.targets = .nuget\NuGet.targets
		.nuget\packages.config = .nuget\packages.config
	EndProjectSection
EndProject
Project("{F2A71F9B-5D33-465A-A702-920D77279786}") = "Cashel.Sample.Peg", "src\Cashel.Sample.Peg\Cashel.Sample.Peg.fsproj", "{AC2934E2-76EF-4A3F-9DF1-A590305344E5}"
EndProject
Global
	GlobalSection(SolutionConfigurationPlatforms) = preSolution
		Debug|Any CPU = Debug|Any CPU
		Release|Any CPU = Release|Any CPU
	EndGlobalSection
	GlobalSection(ProjectConfigurationPlatforms) = postSolution
		{BB0F7308-C60A-471A-84ED-A76F64469028}.Debug|Any CPU.ActiveCfg = Debug|Any CPU
		{BB0F7308-C60A-471A-84ED-A76F64469028}.Debug|Any CPU.Build.0 = Debug|Any CPU
		{BB0F7308-C60A-471A-84ED-A76F64469028}.Release|Any CPU.ActiveCfg = Release|Any CPU
		{BB0F7308-C60A-471A-84ED-A76F64469028}.Release|Any CPU.Build.0 = Release|Any CPU
		{278DA219-5263-4B10-87CB-5CD4F5F8A50C}.Debug|Any CPU.ActiveCfg = Debug|Any CPU
		{278DA219-5263-4B10-87CB-5CD4F5F8A50C}.Debug|Any CPU.Build.0 = Debug|Any CPU
		{278DA219-5263-4B10-87CB-5CD4F5F8A50C}.Release|Any CPU.ActiveCfg = Release|Any CPU
		{278DA219-5263-4B10-87CB-5CD4F5F8A50C}.Release|Any CPU.Build.0 = Release|Any CPU
		{AC2934E2-76EF-4A3F-9DF1-A590305344E5}.Debug|Any CPU.ActiveCfg = Debug|Any CPU
		{AC2934E2-76EF-4A3F-9DF1-A590305344E5}.Debug|Any CPU.Build.0 = Debug|Any CPU
		{AC2934E2-76EF-4A3F-9DF1-A590305344E5}.Release|Any CPU.ActiveCfg = Release|Any CPU
		{AC2934E2-76EF-4A3F-9DF1-A590305344E5}.Release|Any CPU.Build.0 = Release|Any CPU
	EndGlobalSection
	GlobalSection(SolutionProperties) = preSolution
		HideSolutionNode = FALSE
	EndGlobalSection
EndGlobal
